
Microsoft Visual Studio Solution File, Format Version 12.00
# Visual Studio Version 17
VisualStudioVersion = 17.6.33723.286
MinimumVisualStudioVersion = 10.0.40219.1
Project("{9A19103F-16F7-4668-BE54-9A1E7A4F7556}") = "Vocabulary", "Vocabulary\Vocabulary.csproj", "{A4EFCF4C-39E1-4575-BBF9-E525DAC3EA29}"
EndProject
Project("{9A19103F-16F7-4668-BE54-9A1E7A4F7556}") = "Numbers", "Numbers\Numbers.csproj", "{CF7FC399-9586-49D0-9AD7-A8C279205CCC}"
EndProject
Project("{9A19103F-16F7-4668-BE54-9A1E7A4F7556}") = "Variables", "Variables\Variables.csproj", "{9C5A1473-E0B5-4568-801C-923254C9F772}"
EndProject
Project("{9A19103F-16F7-4668-BE54-9A1E7A4F7556}") = "Formatting", "Formatting\Formatting.csproj", "{C4B1F35B-BEAF-4D67-B3DF-F39507873A54}"
EndProject
Project("{9A19103F-16F7-4668-BE54-9A1E7A4F7556}") = "Arguments", "Arguments\Arguments.csproj", "{98912471-8172-45BE-ACF2-48CB9E1A50CC}"
EndProject
Project("{9A19103F-16F7-4668-BE54-9A1E7A4F7556}") = "AsyncConsole", "AsyncConsole\AsyncConsole.csproj", "{AB377DF7-0FBD-4858-8147-BC37EFA61D4A}"
EndProject
Project("{FAE04EC0-301F-11D3-BF4B-00C04F79EFBC}") = "TaskandAsync", "TaskandAsync\TaskandAsync.csproj", "{1AFB2994-8594-4483-9AF4-025FD5902F33}"
EndProject
Global
	GlobalSection(SolutionConfigurationPlatforms) = preSolution
		Debug|Any CPU = Debug|Any CPU
		Debug|x64 = Debug|x64
		Debug|x86 = Debug|x86
		Release|Any CPU = Release|Any CPU
		Release|x64 = Release|x64
		Release|x86 = Release|x86
	EndGlobalSection
	GlobalSection(ProjectConfigurationPlatforms) = postSolution
		{A4EFCF4C-39E1-4575-BBF9-E525DAC3EA29}.Debug|Any CPU.ActiveCfg = Debug|Any CPU
		{A4EFCF4C-39E1-4575-BBF9-E525DAC3EA29}.Debug|Any CPU.Build.0 = Debug|Any CPU
		{A4EFCF4C-39E1-4575-BBF9-E525DAC3EA29}.Debug|x64.ActiveCfg = Debug|Any CPU
		{A4EFCF4C-39E1-4575-BBF9-E525DAC3EA29}.Debug|x64.Build.0 = Debug|Any CPU
		{A4EFCF4C-39E1-4575-BBF9-E525DAC3EA29}.Debug|x86.ActiveCfg = Debug|Any CPU
		{A4EFCF4C-39E1-4575-BBF9-E525DAC3EA29}.Debug|x86.Build.0 = Debug|Any CPU
		{A4EFCF4C-39E1-4575-BBF9-E525DAC3EA29}.Release|Any CPU.ActiveCfg = Release|Any CPU
		{A4EFCF4C-39E1-4575-BBF9-E525DAC3EA29}.Release|Any CPU.Build.0 = Release|Any CPU
		{A4EFCF4C-39E1-4575-BBF9-E525DAC3EA29}.Release|x64.ActiveCfg = Release|Any CPU
		{A4EFCF4C-39E1-4575-BBF9-E525DAC3EA29}.Release|x64.Build.0 = Release|Any CPU
		{A4EFCF4C-39E1-4575-BBF9-E525DAC3EA29}.Release|x86.ActiveCfg = Release|Any CPU
		{A4EFCF4C-39E1-4575-BBF9-E525DAC3EA29}.Release|x86.Build.0 = Release|Any CPU
		{CF7FC399-9586-49D0-9AD7-A8C279205CCC}.Debug|Any CPU.ActiveCfg = Debug|Any CPU
		{CF7FC399-9586-49D0-9AD7-A8C279205CCC}.Debug|Any CPU.Build.0 = Debug|Any CPU
		{CF7FC399-9586-49D0-9AD7-A8C279205CCC}.Debug|x64.ActiveCfg = Debug|Any CPU
		{CF7FC399-9586-49D0-9AD7-A8C279205CCC}.Debug|x64.Build.0 = Debug|Any CPU
		{CF7FC399-9586-49D0-9AD7-A8C279205CCC}.Debug|x86.ActiveCfg = Debug|Any CPU
		{CF7FC399-9586-49D0-9AD7-A8C279205CCC}.Debug|x86.Build.0 = Debug|Any CPU
		{CF7FC399-9586-49D0-9AD7-A8C279205CCC}.Release|Any CPU.ActiveCfg = Release|Any CPU
		{CF7FC399-9586-49D0-9AD7-A8C279205CCC}.Release|Any CPU.Build.0 = Release|Any CPU
		{CF7FC399-9586-49D0-9AD7-A8C279205CCC}.Release|x64.ActiveCfg = Release|Any CPU
		{CF7FC399-9586-49D0-9AD7-A8C279205CCC}.Release|x64.Build.0 = Release|Any CPU
		{CF7FC399-9586-49D0-9AD7-A8C279205CCC}.Release|x86.ActiveCfg = Release|Any CPU
		{CF7FC399-9586-49D0-9AD7-A8C279205CCC}.Release|x86.Build.0 = Release|Any CPU
		{9C5A1473-E0B5-4568-801C-923254C9F772}.Debug|Any CPU.ActiveCfg = Debug|Any CPU
		{9C5A1473-E0B5-4568-801C-923254C9F772}.Debug|Any CPU.Build.0 = Debug|Any CPU
		{9C5A1473-E0B5-4568-801C-923254C9F772}.Debug|x64.ActiveCfg = Debug|Any CPU
		{9C5A1473-E0B5-4568-801C-923254C9F772}.Debug|x64.Build.0 = Debug|Any CPU
		{9C5A1473-E0B5-4568-801C-923254C9F772}.Debug|x86.ActiveCfg = Debug|Any CPU
		{9C5A1473-E0B5-4568-801C-923254C9F772}.Debug|x86.Build.0 = Debug|Any CPU
		{9C5A1473-E0B5-4568-801C-923254C9F772}.Release|Any CPU.ActiveCfg = Release|Any CPU
		{9C5A1473-E0B5-4568-801C-923254C9F772}.Release|Any CPU.Build.0 = Release|Any CPU
		{9C5A1473-E0B5-4568-801C-923254C9F772}.Release|x64.ActiveCfg = Release|Any CPU
		{9C5A1473-E0B5-4568-801C-923254C9F772}.Release|x64.Build.0 = Release|Any CPU
		{9C5A1473-E0B5-4568-801C-923254C9F772}.Release|x86.ActiveCfg = Release|Any CPU
		{9C5A1473-E0B5-4568-801C-923254C9F772}.Release|x86.Build.0 = Release|Any CPU
		{C4B1F35B-BEAF-4D67-B3DF-F39507873A54}.Debug|Any CPU.ActiveCfg = Debug|Any CPU
		{C4B1F35B-BEAF-4D67-B3DF-F39507873A54}.Debug|Any CPU.Build.0 = Debug|Any CPU
		{C4B1F35B-BEAF-4D67-B3DF-F39507873A54}.Debug|x64.ActiveCfg = Debug|Any CPU
		{C4B1F35B-BEAF-4D67-B3DF-F39507873A54}.Debug|x64.Build.0 = Debug|Any CPU
		{C4B1F35B-BEAF-4D67-B3DF-F39507873A54}.Debug|x86.ActiveCfg = Debug|Any CPU
		{C4B1F35B-BEAF-4D67-B3DF-F39507873A54}.Debug|x86.Build.0 = Debug|Any CPU
		{C4B1F35B-BEAF-4D67-B3DF-F39507873A54}.Release|Any CPU.ActiveCfg = Release|Any CPU
		{C4B1F35B-BEAF-4D67-B3DF-F39507873A54}.Release|Any CPU.Build.0 = Release|Any CPU
		{C4B1F35B-BEAF-4D67-B3DF-F39507873A54}.Release|x64.ActiveCfg = Release|Any CPU
		{C4B1F35B-BEAF-4D67-B3DF-F39507873A54}.Release|x64.Build.0 = Release|Any CPU
		{C4B1F35B-BEAF-4D67-B3DF-F39507873A54}.Release|x86.ActiveCfg = Release|Any CPU
		{C4B1F35B-BEAF-4D67-B3DF-F39507873A54}.Release|x86.Build.0 = Release|Any CPU
		{98912471-8172-45BE-ACF2-48CB9E1A50CC}.Debug|Any CPU.ActiveCfg = Debug|Any CPU
		{98912471-8172-45BE-ACF2-48CB9E1A50CC}.Debug|Any CPU.Build.0 = Debug|Any CPU
		{98912471-8172-45BE-ACF2-48CB9E1A50CC}.Debug|x64.ActiveCfg = Debug|Any CPU
		{98912471-8172-45BE-ACF2-48CB9E1A50CC}.Debug|x64.Build.0 = Debug|Any CPU
		{98912471-8172-45BE-ACF2-48CB9E1A50CC}.Debug|x86.ActiveCfg = Debug|Any CPU
		{98912471-8172-45BE-ACF2-48CB9E1A50CC}.Debug|x86.Build.0 = Debug|Any CPU
		{98912471-8172-45BE-ACF2-48CB9E1A50CC}.Release|Any CPU.ActiveCfg = Release|Any CPU
		{98912471-8172-45BE-ACF2-48CB9E1A50CC}.Release|Any CPU.Build.0 = Release|Any CPU
		{98912471-8172-45BE-ACF2-48CB9E1A50CC}.Release|x64.ActiveCfg = Release|Any CPU
		{98912471-8172-45BE-ACF2-48CB9E1A50CC}.Release|x64.Build.0 = Release|Any CPU
		{98912471-8172-45BE-ACF2-48CB9E1A50CC}.Release|x86.ActiveCfg = Release|Any CPU
		{98912471-8172-45BE-ACF2-48CB9E1A50CC}.Release|x86.Build.0 = Release|Any CPU
		{AB377DF7-0FBD-4858-8147-BC37EFA61D4A}.Debug|Any CPU.ActiveCfg = Debug|Any CPU
		{AB377DF7-0FBD-4858-8147-BC37EFA61D4A}.Debug|Any CPU.Build.0 = Debug|Any CPU
		{AB377DF7-0FBD-4858-8147-BC37EFA61D4A}.Debug|x64.ActiveCfg = Debug|Any CPU
		{AB377DF7-0FBD-4858-8147-BC37EFA61D4A}.Debug|x64.Build.0 = Debug|Any CPU
		{AB377DF7-0FBD-4858-8147-BC37EFA61D4A}.Debug|x86.ActiveCfg = Debug|Any CPU
		{AB377DF7-0FBD-4858-8147-BC37EFA61D4A}.Debug|x86.Build.0 = Debug|Any CPU
		{AB377DF7-0FBD-4858-8147-BC37EFA61D4A}.Release|Any CPU.ActiveCfg = Release|Any CPU
		{AB377DF7-0FBD-4858-8147-BC37EFA61D4A}.Release|Any CPU.Build.0 = Release|Any CPU
		{AB377DF7-0FBD-4858-8147-BC37EFA61D4A}.Release|x64.ActiveCfg = Release|Any CPU
		{AB377DF7-0FBD-4858-8147-BC37EFA61D4A}.Release|x64.Build.0 = Release|Any CPU
		{AB377DF7-0FBD-4858-8147-BC37EFA61D4A}.Release|x86.ActiveCfg = Release|Any CPU
		{AB377DF7-0FBD-4858-8147-BC37EFA61D4A}.Release|x86.Build.0 = Release|Any CPU
		{1AFB2994-8594-4483-9AF4-025FD5902F33}.Debug|Any CPU.ActiveCfg = Debug|Any CPU
		{1AFB2994-8594-4483-9AF4-025FD5902F33}.Debug|Any CPU.Build.0 = Debug|Any CPU
		{1AFB2994-8594-4483-9AF4-025FD5902F33}.Debug|x64.ActiveCfg = Debug|Any CPU
		{1AFB2994-8594-4483-9AF4-025FD5902F33}.Debug|x64.Build.0 = Debug|Any CPU
		{1AFB2994-8594-4483-9AF4-025FD5902F33}.Debug|x86.ActiveCfg = Debug|Any CPU
		{1AFB2994-8594-4483-9AF4-025FD5902F33}.Debug|x86.Build.0 = Debug|Any CPU
		{1AFB2994-8594-4483-9AF4-025FD5902F33}.Release|Any CPU.ActiveCfg = Release|Any CPU
		{1AFB2994-8594-4483-9AF4-025FD5902F33}.Release|Any CPU.Build.0 = Release|Any CPU
		{1AFB2994-8594-4483-9AF4-025FD5902F33}.Release|x64.ActiveCfg = Release|Any CPU
		{1AFB2994-8594-4483-9AF4-025FD5902F33}.Release|x64.Build.0 = Release|Any CPU
		{1AFB2994-8594-4483-9AF4-025FD5902F33}.Release|x86.ActiveCfg = Release|Any CPU
		{1AFB2994-8594-4483-9AF4-025FD5902F33}.Release|x86.Build.0 = Release|Any CPU
	EndGlobalSection
	GlobalSection(SolutionProperties) = preSolution
		HideSolutionNode = FALSE
	EndGlobalSection
	GlobalSection(ExtensibilityGlobals) = postSolution
		SolutionGuid = {1CF274FB-71D7-465C-831E-2F87B868A461}
	EndGlobalSection
EndGlobal
