
Microsoft Visual Studio Solution File, Format Version 12.00
# Visual Studio Version 17
VisualStudioVersion = 17.6.33723.286
MinimumVisualStudioVersion = 10.0.40219.1
Project("{FAE04EC0-301F-11D3-BF4B-00C04F79EFBC}") = "HelloCS", "HelloCS\HelloCS.csproj", "{7BD5F7A7-9EE6-47F5-95B8-6F2504733C81}"
EndProject
Project("{FAE04EC0-301F-11D3-BF4B-00C04F79EFBC}") = "AboutMyEnvironment", "AboutMyEnvironment\AboutMyEnvironment.csproj", "{7C2E5AC6-C33B-46AC-A1D8-532F9B9B2E23}"
EndProject
Global
	GlobalSection(SolutionConfigurationPlatforms) = preSolution
		Debug|Any CPU = Debug|Any CPU
		Release|Any CPU = Release|Any CPU
	EndGlobalSection
	GlobalSection(ProjectConfigurationPlatforms) = postSolution
		{7BD5F7A7-9EE6-47F5-95B8-6F2504733C81}.Debug|Any CPU.ActiveCfg = Debug|Any CPU
		{7BD5F7A7-9EE6-47F5-95B8-6F2504733C81}.Debug|Any CPU.Build.0 = Debug|Any CPU
		{7BD5F7A7-9EE6-47F5-95B8-6F2504733C81}.Release|Any CPU.ActiveCfg = Release|Any CPU
		{7BD5F7A7-9EE6-47F5-95B8-6F2504733C81}.Release|Any CPU.Build.0 = Release|Any CPU
		{7C2E5AC6-C33B-46AC-A1D8-532F9B9B2E23}.Debug|Any CPU.ActiveCfg = Debug|Any CPU
		{7C2E5AC6-C33B-46AC-A1D8-532F9B9B2E23}.Debug|Any CPU.Build.0 = Debug|Any CPU
		{7C2E5AC6-C33B-46AC-A1D8-532F9B9B2E23}.Release|Any CPU.ActiveCfg = Release|Any CPU
		{7C2E5AC6-C33B-46AC-A1D8-532F9B9B2E23}.Release|Any CPU.Build.0 = Release|Any CPU
	EndGlobalSection
	GlobalSection(SolutionProperties) = preSolution
		HideSolutionNode = FALSE
	EndGlobalSection
	GlobalSection(ExtensibilityGlobals) = postSolution
		SolutionGuid = {607038CA-3B1A-4AFE-AE31-35FEBFCC5615}
	EndGlobalSection
EndGlobal
