
Microsoft Visual Studio Solution File, Format Version 12.00
# Visual Studio Version 17
VisualStudioVersion = 17.6.33829.357
MinimumVisualStudioVersion = 10.0.40219.1
Project("{FAE04EC0-301F-11D3-BF4B-00C04F79EFBC}") = "Authorization", "Authorization\Authorization.csproj", "{9937994D-55C8-44D2-953B-96896256C87B}"
EndProject
Global
	GlobalSection(SolutionConfigurationPlatforms) = preSolution
		Debug|Any CPU = Debug|Any CPU
		Release|Any CPU = Release|Any CPU
	EndGlobalSection
	GlobalSection(ProjectConfigurationPlatforms) = postSolution
		{9937994D-55C8-44D2-953B-96896256C87B}.Debug|Any CPU.ActiveCfg = Debug|Any CPU
		{9937994D-55C8-44D2-953B-96896256C87B}.Debug|Any CPU.Build.0 = Debug|Any CPU
		{9937994D-55C8-44D2-953B-96896256C87B}.Release|Any CPU.ActiveCfg = Release|Any CPU
		{9937994D-55C8-44D2-953B-96896256C87B}.Release|Any CPU.Build.0 = Release|Any CPU
	EndGlobalSection
	GlobalSection(SolutionProperties) = preSolution
		HideSolutionNode = FALSE
	EndGlobalSection
	GlobalSection(ExtensibilityGlobals) = postSolution
		SolutionGuid = {7293E3DA-15A6-4E39-9C00-550378DF651E}
	EndGlobalSection
EndGlobal
