
Microsoft Visual Studio Solution File, Format Version 12.00
# Visual Studio Version 17
VisualStudioVersion = 17.6.33829.357
MinimumVisualStudioVersion = 10.0.40219.1
Project("{9A19103F-16F7-4668-BE54-9A1E7A4F7556}") = "WorkingWithDatabase", "WorkingWithDatabase\WorkingWithDatabase.csproj", "{8107A6D8-D3DD-4CB3-9703-D670CF528A6D}"
EndProject
Project("{9A19103F-16F7-4668-BE54-9A1E7A4F7556}") = "WorkingWithEntityFrameworkCore", "..\WorkingWithEntityFrameworkCore\WorkingWithEntityFrameworkCore\WorkingWithEntityFrameworkCore.csproj", "{1F9C2FFC-AFAA-4E56-AD91-FF52C1F1AE68}"
EndProject
Global
	GlobalSection(SolutionConfigurationPlatforms) = preSolution
		Debug|Any CPU = Debug|Any CPU
		Release|Any CPU = Release|Any CPU
	EndGlobalSection
	GlobalSection(ProjectConfigurationPlatforms) = postSolution
		{8107A6D8-D3DD-4CB3-9703-D670CF528A6D}.Debug|Any CPU.ActiveCfg = Debug|Any CPU
		{8107A6D8-D3DD-4CB3-9703-D670CF528A6D}.Debug|Any CPU.Build.0 = Debug|Any CPU
		{8107A6D8-D3DD-4CB3-9703-D670CF528A6D}.Release|Any CPU.ActiveCfg = Release|Any CPU
		{8107A6D8-D3DD-4CB3-9703-D670CF528A6D}.Release|Any CPU.Build.0 = Release|Any CPU
		{1F9C2FFC-AFAA-4E56-AD91-FF52C1F1AE68}.Debug|Any CPU.ActiveCfg = Debug|Any CPU
		{1F9C2FFC-AFAA-4E56-AD91-FF52C1F1AE68}.Debug|Any CPU.Build.0 = Debug|Any CPU
		{1F9C2FFC-AFAA-4E56-AD91-FF52C1F1AE68}.Release|Any CPU.ActiveCfg = Release|Any CPU
		{1F9C2FFC-AFAA-4E56-AD91-FF52C1F1AE68}.Release|Any CPU.Build.0 = Release|Any CPU
	EndGlobalSection
	GlobalSection(SolutionProperties) = preSolution
		HideSolutionNode = FALSE
	EndGlobalSection
	GlobalSection(ExtensibilityGlobals) = postSolution
		SolutionGuid = {F646B853-3D62-4523-A202-50D7CC324D8D}
	EndGlobalSection
EndGlobal
